# This file is generated by running "yarn install" inside your project.
# Manual changes might be lost - proceed with caution!

__metadata:
  version: 6
  cacheKey: 8

"@cspotcode/source-map-consumer@npm:0.8.0":
  version: 0.8.0
  resolution: "@cspotcode/source-map-consumer@npm:0.8.0"
  checksum: c0c16ca3d2f58898f1bd74c4f41a189dbcc202e642e60e489cbcc2e52419c4e89bdead02c886a12fb13ea37798ede9e562b2321df997ebc210ae9bd881561b4e
  languageName: node
  linkType: hard

"@cspotcode/source-map-support@npm:0.7.0":
  version: 0.7.0
  resolution: "@cspotcode/source-map-support@npm:0.7.0"
  dependencies:
    "@cspotcode/source-map-consumer": 0.8.0
  checksum: 9faddda7757cd778b5fd6812137b2cc265810043680d6399acc20441668fafcdc874053be9dccd0d9110087287bfad27eb3bf342f72bceca9aa9059f5d0c4be8
  languageName: node
  linkType: hard

"@tsconfig/node10@npm:^1.0.7":
  version: 1.0.8
  resolution: "@tsconfig/node10@npm:1.0.8"
  checksum: b8d5fffbc6b17ef64ef74f7fdbccee02a809a063ade785c3648dae59406bc207f70ea2c4296f92749b33019fa36a5ae716e42e49cc7f1bbf0fd147be0d6b970a
  languageName: node
  linkType: hard

"@tsconfig/node12@npm:^1.0.7":
  version: 1.0.9
  resolution: "@tsconfig/node12@npm:1.0.9"
  checksum: a01b2400ab3582b86b589c6d31dcd0c0656f333adecde85d6d7d4086adb059808b82692380bb169546d189bf771ae21d02544a75b57bd6da4a5dd95f8567bec9
  languageName: node
  linkType: hard

"@tsconfig/node14@npm:^1.0.0":
  version: 1.0.1
  resolution: "@tsconfig/node14@npm:1.0.1"
  checksum: 976345e896c0f059867f94f8d0f6ddb8b1844fb62bf36b727de8a9a68f024857e5db97ed51d3325e23e0616a5e48c034ff51a8d595b3fe7e955f3587540489be
  languageName: node
  linkType: hard

"@tsconfig/node16@npm:^1.0.2":
  version: 1.0.2
  resolution: "@tsconfig/node16@npm:1.0.2"
  checksum: ca94d3639714672bbfd55f03521d3f56bb6a25479bd425da81faf21f13e1e9d15f40f97377dedbbf477a5841c5b0c8f4cd1b391f33553d750b9202c54c2c07aa
  languageName: node
  linkType: hard

"@types/node@npm:^17.0.32":
  version: 17.0.32
  resolution: "@types/node@npm:17.0.32"
  checksum: afb05704b42032566b3da8b2d80a68883cd3b888472d1b8b4dd6c84f8fad371454f083d4e28bd30c10589187296119d92aba255638b30067afe062b5922388a5
  languageName: node
  linkType: hard

"acorn-walk@npm:^8.1.1":
  version: 8.2.0
  resolution: "acorn-walk@npm:8.2.0"
  checksum: 1715e76c01dd7b2d4ca472f9c58968516a4899378a63ad5b6c2d668bba8da21a71976c14ec5f5b75f887b6317c4ae0b897ab141c831d741dc76024d8745f1ad1
  languageName: node
  linkType: hard

"acorn@npm:^8.4.1":
  version: 8.7.1
  resolution: "acorn@npm:8.7.1"
  bin:
    acorn: bin/acorn
  checksum: aca0aabf98826717920ac2583fdcad0a6fbe4e583fdb6e843af2594e907455aeafe30b1e14f1757cd83ce1776773cf8296ffc3a4acf13f0bd3dfebcf1db6ae80
  languageName: node
  linkType: hard

"arg@npm:^4.1.0":
  version: 4.1.3
  resolution: "arg@npm:4.1.3"
  checksum: 544af8dd3f60546d3e4aff084d451b96961d2267d668670199692f8d054f0415d86fc5497d0e641e91546f0aa920e7c29e5250e99fc89f5552a34b5d93b77f43
  languageName: node
  linkType: hard

"aws-sdk@npm:^2.1132.0":
  version: 2.1132.0
  resolution: "aws-sdk@npm:2.1132.0"
  dependencies:
    buffer: 4.9.2
    events: 1.1.1
    ieee754: 1.1.13
    jmespath: 0.16.0
    querystring: 0.2.0
    sax: 1.2.1
    url: 0.10.3
    uuid: 3.3.2
    xml2js: 0.4.19
  checksum: db1dd4589f68b39a0584d06572560d04f044e9be94cb468c711d631e7982b65c0bee115e0490859c19d496d62ce3ede9f96304b89b0df233616d22ac7e510667
  languageName: node
  linkType: hard

"base64-js@npm:^1.0.2":
  version: 1.5.1
  resolution: "base64-js@npm:1.5.1"
  checksum: 669632eb3745404c2f822a18fc3a0122d2f9a7a13f7fb8b5823ee19d1d2ff9ee5b52c53367176ea4ad093c332fd5ab4bd0ebae5a8e27917a4105a4cfc86b1005
  languageName: node
  linkType: hard

"buffer@npm:4.9.2":
  version: 4.9.2
  resolution: "buffer@npm:4.9.2"
  dependencies:
    base64-js: ^1.0.2
    ieee754: ^1.1.4
    isarray: ^1.0.0
  checksum: 8801bc1ba08539f3be70eee307a8b9db3d40f6afbfd3cf623ab7ef41dffff1d0a31de0addbe1e66e0ca5f7193eeb667bfb1ecad3647f8f1b0750de07c13295c3
  languageName: node
  linkType: hard

"create-require@npm:^1.1.0":
  version: 1.1.1
  resolution: "create-require@npm:1.1.1"
  checksum: a9a1503d4390d8b59ad86f4607de7870b39cad43d929813599a23714831e81c520bddf61bcdd1f8e30f05fd3a2b71ae8538e946eb2786dc65c2bbc520f692eff
  languageName: node
  linkType: hard

"diff@npm:^4.0.1":
  version: 4.0.2
  resolution: "diff@npm:4.0.2"
  checksum: f2c09b0ce4e6b301c221addd83bf3f454c0bc00caa3dd837cf6c127d6edf7223aa2bbe3b688feea110b7f262adbfc845b757c44c8a9f8c0c5b15d8fa9ce9d20d
  languageName: node
  linkType: hard

"events@npm:1.1.1":
  version: 1.1.1
  resolution: "events@npm:1.1.1"
  checksum: 40431eb005cc4c57861b93d44c2981a49e7feb99df84cf551baed299ceea4444edf7744733f6a6667e942af687359b1f4a87ec1ec4f21d5127dac48a782039b9
  languageName: node
  linkType: hard

"ieee754@npm:1.1.13":
  version: 1.1.13
  resolution: "ieee754@npm:1.1.13"
  checksum: 102df1ba662e316e6160f7ce29c7c7fa3e04f2014c288336c5a9ff40bbcc2a27d209fa2a81ebfb33f28b1941021343d30e9ad8ee85a2d61f79f5936c35edc33d
  languageName: node
  linkType: hard

"ieee754@npm:^1.1.4":
  version: 1.2.1
  resolution: "ieee754@npm:1.2.1"
  checksum: 5144c0c9815e54ada181d80a0b810221a253562422e7c6c3a60b1901154184f49326ec239d618c416c1c5945a2e197107aee8d986a3dd836b53dffefd99b5e7e
  languageName: node
  linkType: hard

"isarray@npm:^1.0.0":
  version: 1.0.0
  resolution: "isarray@npm:1.0.0"
  checksum: f032df8e02dce8ec565cf2eb605ea939bdccea528dbcf565cdf92bfa2da9110461159d86a537388ef1acef8815a330642d7885b29010e8f7eac967c9993b65ab
  languageName: node
  linkType: hard

"jmespath@npm:0.16.0":
  version: 0.16.0
  resolution: "jmespath@npm:0.16.0"
  checksum: 2d602493a1e4addfd1350ac8c9d54b1b03ed09e305fd863bab84a4ee1f52868cf939dd1a08c5cdea29ce9ba8f86875ebb458b6ed45dab3e1c3f2694503fb2fd9
  languageName: node
  linkType: hard

"make-error@npm:^1.1.1":
  version: 1.3.6
  resolution: "make-error@npm:1.3.6"
  checksum: b86e5e0e25f7f777b77fabd8e2cbf15737972869d852a22b7e73c17623928fccb826d8e46b9951501d3f20e51ad74ba8c59ed584f610526a48f8ccf88aaec402
  languageName: node
  linkType: hard

"punycode@npm:1.3.2":
  version: 1.3.2
  resolution: "punycode@npm:1.3.2"
  checksum: b8807fd594b1db33335692d1f03e8beeddde6fda7fbb4a2e32925d88d20a3aa4cd8dcc0c109ccaccbd2ba761c208dfaaada83007087ea8bfb0129c9ef1b99ed6
  languageName: node
  linkType: hard

"querystring@npm:0.2.0":
  version: 0.2.0
  resolution: "querystring@npm:0.2.0"
  checksum: 8258d6734f19be27e93f601758858c299bdebe71147909e367101ba459b95446fbe5b975bf9beb76390156a592b6f4ac3a68b6087cea165c259705b8b4e56a69
  languageName: node
  linkType: hard

"s3Wrapper@workspace:.":
  version: 0.0.0-use.local
  resolution: "s3Wrapper@workspace:."
  dependencies:
    "@tsconfig/node16": ^1.0.2
    "@types/node": ^17.0.32
    aws-sdk: ^2.1132.0
    ts-node: ^10.7.0
    typescript: ^4.6.4
  languageName: unknown
  linkType: soft

"sax@npm:1.2.1":
  version: 1.2.1
  resolution: "sax@npm:1.2.1"
  checksum: 8dca7d5e1cd7d612f98ac50bdf0b9f63fbc964b85f0c4e2eb271f8b9b47fd3bf344c4d6a592e69ecf726d1485ca62cd8a52e603bbc332d18a66af25a9a1045ad
  languageName: node
  linkType: hard

"sax@npm:>=0.6.0":
  version: 1.2.4
  resolution: "sax@npm:1.2.4"
  checksum: d3df7d32b897a2c2f28e941f732c71ba90e27c24f62ee918bd4d9a8cfb3553f2f81e5493c7f0be94a11c1911b643a9108f231dd6f60df3fa9586b5d2e3e9e1fe
  languageName: node
  linkType: hard

"ts-node@npm:^10.7.0":
  version: 10.7.0
  resolution: "ts-node@npm:10.7.0"
  dependencies:
    "@cspotcode/source-map-support": 0.7.0
    "@tsconfig/node10": ^1.0.7
    "@tsconfig/node12": ^1.0.7
    "@tsconfig/node14": ^1.0.0
    "@tsconfig/node16": ^1.0.2
    acorn: ^8.4.1
    acorn-walk: ^8.1.1
    arg: ^4.1.0
    create-require: ^1.1.0
    diff: ^4.0.1
    make-error: ^1.1.1
    v8-compile-cache-lib: ^3.0.0
    yn: 3.1.1
  peerDependencies:
    "@swc/core": ">=1.2.50"
    "@swc/wasm": ">=1.2.50"
    "@types/node": "*"
    typescript: ">=2.7"
  peerDependenciesMeta:
    "@swc/core":
      optional: true
    "@swc/wasm":
      optional: true
  bin:
    ts-node: dist/bin.js
    ts-node-cwd: dist/bin-cwd.js
    ts-node-esm: dist/bin-esm.js
    ts-node-script: dist/bin-script.js
    ts-node-transpile-only: dist/bin-transpile.js
    ts-script: dist/bin-script-deprecated.js
  checksum: 2a379e43f7478d0b79e1e63af91fe222d83857727957df4bd3bdf3c0a884de5097b12feb9bbf530074526b8874c0338b0e6328cf334f3a5e2c49c71e837273f7
  languageName: node
  linkType: hard

"typescript@npm:^4.6.4":
  version: 4.6.4
  resolution: "typescript@npm:4.6.4"
  bin:
    tsc: bin/tsc
    tsserver: bin/tsserver
  checksum: e7bfcc39cd4571a63a54e5ea21f16b8445268b9900bf55aee0e02ad981be576acc140eba24f1af5e3c1457767c96cea6d12861768fb386cf3ffb34013718631a
  languageName: node
  linkType: hard

"typescript@patch:typescript@^4.6.4#~builtin<compat/typescript>":
  version: 4.6.4
  resolution: "typescript@patch:typescript@npm%3A4.6.4#~builtin<compat/typescript>::version=4.6.4&hash=bda367"
  bin:
    tsc: bin/tsc
    tsserver: bin/tsserver
  checksum: 1cb434fbc637d347be90e3a0c6cd05e33c38f941713c8786d3031faf1842c2c148ba91d2fac01e7276b0ae3249b8633f1660e32686cc7a8c6a8fd5361dc52c66
  languageName: node
  linkType: hard

"url@npm:0.10.3":
  version: 0.10.3
  resolution: "url@npm:0.10.3"
  dependencies:
    punycode: 1.3.2
    querystring: 0.2.0
  checksum: 7b83ddb106c27bf9bde8629ccbe8d26e9db789c8cda5aa7db72ca2c6f9b8a88a5adf206f3e10db78e6e2d042b327c45db34c7010c1bf0d9908936a17a2b57d05
  languageName: node
  linkType: hard

"uuid@npm:3.3.2":
  version: 3.3.2
  resolution: "uuid@npm:3.3.2"
  bin:
    uuid: ./bin/uuid
  checksum: 8793629d2799f500aeea9fcd0aec6c4e9fbcc4d62ed42159ad96be345c3fffac1bbf61a23e18e2782600884fee05e6d4012ce4b70d0037c8e987533ae6a77870
  languageName: node
  linkType: hard

"v8-compile-cache-lib@npm:^3.0.0":
  version: 3.0.1
  resolution: "v8-compile-cache-lib@npm:3.0.1"
  checksum: 78089ad549e21bcdbfca10c08850022b22024cdcc2da9b168bcf5a73a6ed7bf01a9cebb9eac28e03cd23a684d81e0502797e88f3ccd27a32aeab1cfc44c39da0
  languageName: node
  linkType: hard

"xml2js@npm:0.4.19":
  version: 0.4.19
  resolution: "xml2js@npm:0.4.19"
  dependencies:
    sax: ">=0.6.0"
    xmlbuilder: ~9.0.1
  checksum: ca8b2fee430d450a18947786bfd7cd1a353ee00fc6fd550acbc8a8e65f1b4df5e9786fcb2990c1a5514ecd554d445fb74e1d716b3a4fcfffc10554aeb5db482b
  languageName: node
  linkType: hard

"xmlbuilder@npm:~9.0.1":
  version: 9.0.7
  resolution: "xmlbuilder@npm:9.0.7"
  checksum: 8193bb323806a002764f013bea0c6e9ff2dc26fd29109408761b16b59a8ad2214c2abe8e691755fd8b525586e3a0e1efeb92335947d7b0899032b779f1705a53
  languageName: node
  linkType: hard

"yn@npm:3.1.1":
  version: 3.1.1
  resolution: "yn@npm:3.1.1"
  checksum: 2c487b0e149e746ef48cda9f8bad10fc83693cd69d7f9dcd8be4214e985de33a29c9e24f3c0d6bcf2288427040a8947406ab27f7af67ee9456e6b84854f02dd6
  languageName: node
  linkType: hard
